
Microsoft Visual Studio Solution File, Format Version 12.00
# Visual Studio Version 17
VisualStudioVersion = 17.5.33530.505
MinimumVisualStudioVersion = 10.0.40219.1
Project("{FAE04EC0-301F-11D3-BF4B-00C04F79EFBC}") = "TravelAgency_temp", "TravelAgency_temp.csproj", "{78AE5072-3BD7-403B-960E-DF71966FC590}"
EndProject
Global
	GlobalSection(SolutionConfigurationPlatforms) = preSolution
		Debug|Any CPU = Debug|Any CPU
		Release|Any CPU = Release|Any CPU
	EndGlobalSection
	GlobalSection(ProjectConfigurationPlatforms) = postSolution
		{78AE5072-3BD7-403B-960E-DF71966FC590}.Debug|Any CPU.ActiveCfg = Debug|Any CPU
		{78AE5072-3BD7-403B-960E-DF71966FC590}.Debug|Any CPU.Build.0 = Debug|Any CPU
		{78AE5072-3BD7-403B-960E-DF71966FC590}.Release|Any CPU.ActiveCfg = Release|Any CPU
		{78AE5072-3BD7-403B-960E-DF71966FC590}.Release|Any CPU.Build.0 = Release|Any CPU
	EndGlobalSection
	GlobalSection(SolutionProperties) = preSolution
		HideSolutionNode = FALSE
	EndGlobalSection
	GlobalSection(ExtensibilityGlobals) = postSolution
		SolutionGuid = {909DB130-F77B-44BE-917D-C53C4A3877A0}
	EndGlobalSection
EndGlobal
